{
    "_readme": [
        "This file locks the dependencies of your project to a known state",
        "Read more about it at https://getcomposer.org/doc/01-basic-usage.md#installing-dependencies",
        "This file is @generated automatically"
    ],
    "content-hash": "0c3f5999db4a2199df0304f0c235859e",
    "packages": [
        {
            "name": "composer/installers",
            "version": "v2.2.0",
            "source": {
                "type": "git",
                "url": "https://github.com/composer/installers.git",
                "reference": "c29dc4b93137acb82734f672c37e029dfbd95b35"
            },
            "dist": {
                "type": "zip",
                "url": "https://api.github.com/repos/composer/installers/zipball/c29dc4b93137acb82734f672c37e029dfbd95b35",
                "reference": "c29dc4b93137acb82734f672c37e029dfbd95b35",
                "shasum": ""
            },
            "require": {
                "composer-plugin-api": "^1.0 || ^2.0",
                "php": "^7.2 || ^8.0"
            },
            "require-dev": {
                "composer/composer": "1.6.* || ^2.0",
                "composer/semver": "^1 || ^3",
                "phpstan/phpstan": "^0.12.55",
                "phpstan/phpstan-phpunit": "^0.12.16",
                "symfony/phpunit-bridge": "^5.3",
                "symfony/process": "^5"
            },
            "type": "composer-plugin",
            "extra": {
                "class": "Composer\\Installers\\Plugin",
                "branch-alias": {
                    "dev-main": "2.x-dev"
                },
                "plugin-modifies-install-path": true
            },
            "autoload": {
                "psr-4": {
                    "Composer\\Installers\\": "src/Composer/Installers"
                }
            },
            "notification-url": "https://packagist.org/downloads/",
            "license": [
                "MIT"
            ],
            "authors": [
                {
                    "name": "Kyle Robinson Young",
                    "email": "kyle@dontkry.com",
                    "homepage": "https://github.com/shama"
                }
            ],
            "description": "A multi-framework Composer library installer",
            "homepage": "https://composer.github.io/installers/",
            "keywords": [
                "Dolibarr",
                "Eliasis",
                "Hurad",
                "ImageCMS",
                "Kanboard",
                "Lan Management System",
                "MODX Evo",
                "MantisBT",
                "Mautic",
                "Maya",
                "OXID",
                "Plentymarkets",
                "Porto",
                "RadPHP",
                "SMF",
                "Starbug",
                "Thelia",
                "Whmcs",
                "WolfCMS",
                "agl",
                "annotatecms",
                "attogram",
                "bitrix",
                "cakephp",
                "chef",
                "cockpit",
                "codeigniter",
                "concrete5",
                "croogo",
                "dokuwiki",
                "drupal",
                "eZ Platform",
                "elgg",
                "expressionengine",
                "fuelphp",
                "grav",
                "installer",
                "itop",
                "known",
                "kohana",
                "laravel",
                "lavalite",
                "lithium",
                "magento",
                "majima",
                "mako",
                "matomo",
                "mediawiki",
                "miaoxing",
                "modulework",
                "modx",
                "moodle",
                "osclass",
                "pantheon",
                "phpbb",
                "piwik",
                "ppi",
                "processwire",
                "puppet",
                "pxcms",
                "reindex",
                "roundcube",
                "shopware",
                "silverstripe",
                "sydes",
                "sylius",
                "tastyigniter",
                "wordpress",
                "yawik",
                "zend",
                "zikula"
            ],
            "support": {
                "issues": "https://github.com/composer/installers/issues",
                "source": "https://github.com/composer/installers/tree/v2.2.0"
            },
            "funding": [
                {
                    "url": "https://packagist.com",
                    "type": "custom"
                },
                {
                    "url": "https://github.com/composer",
                    "type": "github"
                },
                {
                    "url": "https://tidelift.com/funding/github/packagist/composer/composer",
                    "type": "tidelift"
                }
            ],
            "time": "2022-08-20T06:45:11+00:00"
        },
        {
            "name": "nextjswp/nextjs-wordpress-plugin",
            "version": "dev-main",
            "dist": {
                "type": "path",
                "url": "../../packages/nextjs-wordpress-plugin",
                "reference": "9510429fb0dfe89f26b0693f289fabd30b8cf2e4"
            },
            "type": "wordpress-plugin",
            "license": [
                "MIT"
            ],
            "authors": [
                {
                    "name": "Greg Rickaby",
                    "email": "greg@gregrickaby.com"
                }
            ],
            "description": "A plugin to power Next.js WordPress",
            "transport-options": {
                "symlink": false,
                "relative": true
            }
        },
        {
            "name": "nextjswp/nextjs-wordpress-theme",
            "version": "dev-main",
            "dist": {
                "type": "path",
                "url": "../../packages/nextjs-wordpress-theme",
                "reference": "18881a72e5ede409f33825b850926e077d872839"
            },
            "type": "wordpress-theme",
            "license": [
                "MIT"
            ],
            "authors": [
                {
                    "name": "Greg Rickaby",
                    "email": "greg@gregrickaby.com"
                }
            ],
            "description": "A theme to power Next.js WordPress",
            "transport-options": {
                "symlink": false,
                "relative": true
            }
        },
        {
            "name": "wp-graphql/wp-graphql-acf",
            "version": "v0.3.5",
            "source": {
                "type": "git",
                "url": "https://github.com/wp-graphql/wp-graphql-acf.git",
                "reference": "11a2a10a4abb51c541fd7b0ba0b81d1491525136"
            },
            "dist": {
                "type": "zip",
                "url": "https://api.github.com/repos/wp-graphql/wp-graphql-acf/zipball/11a2a10a4abb51c541fd7b0ba0b81d1491525136",
                "reference": "11a2a10a4abb51c541fd7b0ba0b81d1491525136",
                "shasum": ""
            },
            "require-dev": {
                "dealerdirect/phpcodesniffer-composer-installer": "^0.5.0",
                "lucatume/wp-browser": "^2.2.",
                "phpcompatibility/phpcompatibility-wp": "^2.0",
                "wp-coding-standards/wpcs": "^2.1"
            },
            "type": "wordpress-plugin",
            "autoload": {
                "psr-4": {
                    "WPGraphQL\\ACF\\": "src/"
                },
                "classmap": [
                    "src/"
                ]
            },
            "notification-url": "https://packagist.org/downloads/",
            "license": [
                "GPL-3.0+"
            ],
            "authors": [
                {
                    "name": "jasonbahl",
                    "email": "jasonbahl@mac.com"
                }
            ],
            "description": "Advanced Custom Fields bindings for wp-graphql",
            "support": {
                "issues": "https://github.com/wp-graphql/wp-graphql-acf/issues",
                "source": "https://github.com/wp-graphql/wp-graphql-acf/tree/master"
            },
            "time": "2020-07-27T13:32:21+00:00"
        },
        {
            "name": "wpackagist-plugin/add-wpgraphql-seo",
            "version": "4.22.4",
            "source": {
                "type": "svn",
                "url": "https://plugins.svn.wordpress.org/add-wpgraphql-seo/",
                "reference": "tags/4.22.4"
            },
            "dist": {
                "type": "zip",
                "url": "https://downloads.wordpress.org/plugin/add-wpgraphql-seo.4.22.4.zip"
            },
            "require": {
                "composer/installers": "^1.0 || ^2.0"
            },
            "type": "wordpress-plugin",
            "homepage": "https://wordpress.org/plugins/add-wpgraphql-seo/"
        },
        {
            "name": "wpackagist-plugin/advanced-custom-fields",
            "version": "6.1.6",
            "source": {
                "type": "svn",
                "url": "https://plugins.svn.wordpress.org/advanced-custom-fields/",
                "reference": "tags/6.1.6"
            },
            "dist": {
                "type": "zip",
                "url": "https://downloads.wordpress.org/plugin/advanced-custom-fields.6.1.6.zip"
            },
            "require": {
                "composer/installers": "^1.0 || ^2.0"
            },
            "type": "wordpress-plugin",
            "homepage": "https://wordpress.org/plugins/advanced-custom-fields/"
        },
        {
            "name": "wpackagist-plugin/custom-post-type-ui",
            "version": "1.13.6",
            "source": {
                "type": "svn",
                "url": "https://plugins.svn.wordpress.org/custom-post-type-ui/",
                "reference": "tags/1.13.6"
            },
            "dist": {
                "type": "zip",
                "url": "https://downloads.wordpress.org/plugin/custom-post-type-ui.1.13.6.zip"
            },
            "require": {
                "composer/installers": "^1.0 || ^2.0"
            },
            "type": "wordpress-plugin",
            "homepage": "https://wordpress.org/plugins/custom-post-type-ui/"
        },
        {
            "name": "wpackagist-plugin/wordpress-seo",
            "version": "20.8",
            "source": {
                "type": "svn",
                "url": "https://plugins.svn.wordpress.org/wordpress-seo/",
                "reference": "tags/20.8"
            },
            "dist": {
                "type": "zip",
                "url": "https://downloads.wordpress.org/plugin/wordpress-seo.20.8.zip"
            },
            "require": {
                "composer/installers": "^1.0 || ^2.0"
            },
            "type": "wordpress-plugin",
            "homepage": "https://wordpress.org/plugins/wordpress-seo/"
        },
        {
            "name": "wpackagist-plugin/wp-graphql",
            "version": "1.14.3",
            "source": {
                "type": "svn",
                "url": "https://plugins.svn.wordpress.org/wp-graphql/",
                "reference": "tags/1.14.3"
            },
            "dist": {
                "type": "zip",
                "url": "https://downloads.wordpress.org/plugin/wp-graphql.1.14.3.zip"
            },
            "require": {
                "composer/installers": "^1.0 || ^2.0"
            },
            "type": "wordpress-plugin",
            "homepage": "https://wordpress.org/plugins/wp-graphql/"
        }
    ],
    "packages-dev": [],
    "aliases": [],
    "minimum-stability": "stable",
    "stability-flags": {
        "nextjswp/nextjs-wordpress-plugin": 20,
        "nextjswp/nextjs-wordpress-theme": 20
    },
    "prefer-stable": false,
    "prefer-lowest": false,
    "platform": [],
    "platform-dev": [],
    "plugin-api-version": "2.3.0"
}
